{
  "name": "gas-tank",
  "version": "0.0.1",
  "lockfileVersion": 1,
  "requires": true,
  "dependencies": {
    "@types/google-apps-script": {
      "version": "0.0.11",
      "resolved": "https://registry.npmjs.org/@types/google-apps-script/-/google-apps-script-0.0.11.tgz",
      "integrity": "sha1-p4epSzb9a2HwZiDul07fSpd7mZY=",
      "dev": true
    }
  }
}
